
Microsoft Visual Studio Solution File, Format Version 12.00
# Visual Studio 2013
VisualStudioVersion = 12.0.21005.1
MinimumVisualStudioVersion = 10.0.40219.1
Project("{8BC9CEB8-8B4A-11D0-8D11-00A0C91BC942}") = "GDIPlus", "GDIPlus\GDIPlus.vcxproj", "{B33718B0-6534-40F7-B3C9-09E86E023BB0}"
EndProject
Project("{8BC9CEB8-8B4A-11D0-8D11-00A0C91BC942}") = "DrawString", "DrawString\DrawString.vcxproj", "{32779C23-607F-4472-88B0-91CC0FB9223A}"
EndProject
Project("{8BC9CEB8-8B4A-11D0-8D11-00A0C91BC942}") = "BrushDemo", "BrushDemo\BrushDemo.vcxproj", "{A64124AF-0D65-41B4-97C4-18256D58C4E1}"
EndProject
Global
	GlobalSection(SolutionConfigurationPlatforms) = preSolution
		Debug|Win32 = Debug|Win32
		Release|Win32 = Release|Win32
	EndGlobalSection
	GlobalSection(ProjectConfigurationPlatforms) = postSolution
		{B33718B0-6534-40F7-B3C9-09E86E023BB0}.Debug|Win32.ActiveCfg = Debug|Win32
		{B33718B0-6534-40F7-B3C9-09E86E023BB0}.Debug|Win32.Build.0 = Debug|Win32
		{B33718B0-6534-40F7-B3C9-09E86E023BB0}.Release|Win32.ActiveCfg = Release|Win32
		{B33718B0-6534-40F7-B3C9-09E86E023BB0}.Release|Win32.Build.0 = Release|Win32
		{32779C23-607F-4472-88B0-91CC0FB9223A}.Debug|Win32.ActiveCfg = Debug|Win32
		{32779C23-607F-4472-88B0-91CC0FB9223A}.Debug|Win32.Build.0 = Debug|Win32
		{32779C23-607F-4472-88B0-91CC0FB9223A}.Release|Win32.ActiveCfg = Release|Win32
		{32779C23-607F-4472-88B0-91CC0FB9223A}.Release|Win32.Build.0 = Release|Win32
		{A64124AF-0D65-41B4-97C4-18256D58C4E1}.Debug|Win32.ActiveCfg = Debug|Win32
		{A64124AF-0D65-41B4-97C4-18256D58C4E1}.Debug|Win32.Build.0 = Debug|Win32
		{A64124AF-0D65-41B4-97C4-18256D58C4E1}.Release|Win32.ActiveCfg = Release|Win32
		{A64124AF-0D65-41B4-97C4-18256D58C4E1}.Release|Win32.Build.0 = Release|Win32
	EndGlobalSection
	GlobalSection(SolutionProperties) = preSolution
		HideSolutionNode = FALSE
	EndGlobalSection
EndGlobal
